
Microsoft Visual Studio Solution File, Format Version 12.00
# Visual Studio Version 17
VisualStudioVersion = 17.8.34511.84
MinimumVisualStudioVersion = 10.0.40219.1
Project("{9A19103F-16F7-4668-BE54-9A1E7A4F7556}") = "Ecommerce.API", "Ecommerce.API\Ecommerce.API.csproj", "{706913A3-CCB2-4385-A26F-2C8B0BD61288}"
EndProject
Project("{9A19103F-16F7-4668-BE54-9A1E7A4F7556}") = "Ecommerce.Client", "Ecommerce.Client\Ecommerce.Client.csproj", "{75B11873-D1C3-49C2-813D-A5D96365C64A}"
EndProject
Project("{9A19103F-16F7-4668-BE54-9A1E7A4F7556}") = "Ecommerce.SharedLibrary", "Ecommerce.SharedLibrary\Ecommerce.SharedLibrary.csproj", "{0D2F4E1F-D8FD-4D3E-97CF-5C0039BB1D77}"
EndProject
Global
	GlobalSection(SolutionConfigurationPlatforms) = preSolution
		Debug|Any CPU = Debug|Any CPU
		Release|Any CPU = Release|Any CPU
	EndGlobalSection
	GlobalSection(ProjectConfigurationPlatforms) = postSolution
		{706913A3-CCB2-4385-A26F-2C8B0BD61288}.Debug|Any CPU.ActiveCfg = Debug|Any CPU
		{706913A3-CCB2-4385-A26F-2C8B0BD61288}.Debug|Any CPU.Build.0 = Debug|Any CPU
		{706913A3-CCB2-4385-A26F-2C8B0BD61288}.Release|Any CPU.ActiveCfg = Release|Any CPU
		{706913A3-CCB2-4385-A26F-2C8B0BD61288}.Release|Any CPU.Build.0 = Release|Any CPU
		{75B11873-D1C3-49C2-813D-A5D96365C64A}.Debug|Any CPU.ActiveCfg = Debug|Any CPU
		{75B11873-D1C3-49C2-813D-A5D96365C64A}.Debug|Any CPU.Build.0 = Debug|Any CPU
		{75B11873-D1C3-49C2-813D-A5D96365C64A}.Release|Any CPU.ActiveCfg = Release|Any CPU
		{75B11873-D1C3-49C2-813D-A5D96365C64A}.Release|Any CPU.Build.0 = Release|Any CPU
		{0D2F4E1F-D8FD-4D3E-97CF-5C0039BB1D77}.Debug|Any CPU.ActiveCfg = Debug|Any CPU
		{0D2F4E1F-D8FD-4D3E-97CF-5C0039BB1D77}.Debug|Any CPU.Build.0 = Debug|Any CPU
		{0D2F4E1F-D8FD-4D3E-97CF-5C0039BB1D77}.Release|Any CPU.ActiveCfg = Release|Any CPU
		{0D2F4E1F-D8FD-4D3E-97CF-5C0039BB1D77}.Release|Any CPU.Build.0 = Release|Any CPU
	EndGlobalSection
	GlobalSection(SolutionProperties) = preSolution
		HideSolutionNode = FALSE
	EndGlobalSection
	GlobalSection(ExtensibilityGlobals) = postSolution
		SolutionGuid = {91311048-35DE-4147-A608-97211FB11152}
	EndGlobalSection
EndGlobal
